
Microsoft Visual Studio Solution File, Format Version 12.00
# Visual Studio Version 16
VisualStudioVersion = 16.0.29306.81
MinimumVisualStudioVersion = 10.0.40219.1
Project("{FAE04EC0-301F-11D3-BF4B-00C04F79EFBC}") = "WebApplication2", "WebApplication2\WebApplication2.csproj", "{D68E0D38-CF19-4444-B097-C2B45088355D}"
EndProject
Global
	GlobalSection(SolutionConfigurationPlatforms) = preSolution
		Debug|Any CPU = Debug|Any CPU
		Release|Any CPU = Release|Any CPU
	EndGlobalSection
	GlobalSection(ProjectConfigurationPlatforms) = postSolution
		{D68E0D38-CF19-4444-B097-C2B45088355D}.Debug|Any CPU.ActiveCfg = Debug|Any CPU
		{D68E0D38-CF19-4444-B097-C2B45088355D}.Debug|Any CPU.Build.0 = Debug|Any CPU
		{D68E0D38-CF19-4444-B097-C2B45088355D}.Release|Any CPU.ActiveCfg = Release|Any CPU
		{D68E0D38-CF19-4444-B097-C2B45088355D}.Release|Any CPU.Build.0 = Release|Any CPU
	EndGlobalSection
	GlobalSection(SolutionProperties) = preSolution
		HideSolutionNode = FALSE
	EndGlobalSection
	GlobalSection(ExtensibilityGlobals) = postSolution
		SolutionGuid = {11C2931C-BB8A-4690-9FD9-1FE1F8D6AD89}
	EndGlobalSection
EndGlobal
